
Microsoft Visual Studio Solution File, Format Version 12.00
# Visual Studio Version 17
VisualStudioVersion = 17.9.34728.123
MinimumVisualStudioVersion = 10.0.40219.1
Project("{FAE04EC0-301F-11D3-BF4B-00C04F79EFBC}") = "Klerkscale", "Klerkscale\Klerkscale.csproj", "{678F20B4-E7E5-4375-A6ED-964F45766C7B}"
EndProject
Global
	GlobalSection(SolutionConfigurationPlatforms) = preSolution
		Debug|Any CPU = Debug|Any CPU
		Release|Any CPU = Release|Any CPU
	EndGlobalSection
	GlobalSection(ProjectConfigurationPlatforms) = postSolution
		{678F20B4-E7E5-4375-A6ED-964F45766C7B}.Debug|Any CPU.ActiveCfg = Debug|Any CPU
		{678F20B4-E7E5-4375-A6ED-964F45766C7B}.Debug|Any CPU.Build.0 = Debug|Any CPU
		{678F20B4-E7E5-4375-A6ED-964F45766C7B}.Release|Any CPU.ActiveCfg = Release|Any CPU
		{678F20B4-E7E5-4375-A6ED-964F45766C7B}.Release|Any CPU.Build.0 = Release|Any CPU
	EndGlobalSection
	GlobalSection(SolutionProperties) = preSolution
		HideSolutionNode = FALSE
	EndGlobalSection
	GlobalSection(ExtensibilityGlobals) = postSolution
		SolutionGuid = {4D1C0BA1-967E-4C05-BC0B-4EB86ACA43C7}
	EndGlobalSection
EndGlobal
